
Microsoft Visual Studio Solution File, Format Version 12.00
# Visual Studio Version 17
VisualStudioVersion = 17.6.33723.286
MinimumVisualStudioVersion = 10.0.40219.1
Project("{FAE04EC0-301F-11D3-BF4B-00C04F79EFBC}") = "HttpListenerConsole", "HttpListenerConsole.csproj", "{765818CC-6517-4E5E-B5EB-2F38FA2F6943}"
EndProject
Global
	GlobalSection(SolutionConfigurationPlatforms) = preSolution
		Debug|Any CPU = Debug|Any CPU
		Release|Any CPU = Release|Any CPU
	EndGlobalSection
	GlobalSection(ProjectConfigurationPlatforms) = postSolution
		{765818CC-6517-4E5E-B5EB-2F38FA2F6943}.Debug|Any CPU.ActiveCfg = Debug|Any CPU
		{765818CC-6517-4E5E-B5EB-2F38FA2F6943}.Debug|Any CPU.Build.0 = Debug|Any CPU
		{765818CC-6517-4E5E-B5EB-2F38FA2F6943}.Release|Any CPU.ActiveCfg = Release|Any CPU
		{765818CC-6517-4E5E-B5EB-2F38FA2F6943}.Release|Any CPU.Build.0 = Release|Any CPU
	EndGlobalSection
	GlobalSection(SolutionProperties) = preSolution
		HideSolutionNode = FALSE
	EndGlobalSection
	GlobalSection(ExtensibilityGlobals) = postSolution
		SolutionGuid = {AD862F4B-A0EE-4354-ABEE-7C4659AC2AA8}
	EndGlobalSection
EndGlobal
